
Microsoft Visual Studio Solution File, Format Version 12.00
# Visual Studio Version 16
VisualStudioVersion = 16.0.30114.105
MinimumVisualStudioVersion = 10.0.40219.1
Project("{FAE04EC0-301F-11D3-BF4B-00C04F79EFBC}") = "ToDoListeWeb", "API\ToDoListeWeb.csproj", "{ABB4BC34-7AF5-42D1-905B-9775EB8B0765}"
EndProject
Project("{FAE04EC0-301F-11D3-BF4B-00C04F79EFBC}") = "ApiTests", "ApiTests\ApiTests.csproj", "{CC9E944B-E5EA-4B92-A653-55778EE044FB}"
EndProject
Global
	GlobalSection(SolutionConfigurationPlatforms) = preSolution
		Debug|Any CPU = Debug|Any CPU
		Debug|x64 = Debug|x64
		Debug|x86 = Debug|x86
		Release|Any CPU = Release|Any CPU
		Release|x64 = Release|x64
		Release|x86 = Release|x86
	EndGlobalSection
	GlobalSection(SolutionProperties) = preSolution
		HideSolutionNode = FALSE
	EndGlobalSection
	GlobalSection(ProjectConfigurationPlatforms) = postSolution
		{ABB4BC34-7AF5-42D1-905B-9775EB8B0765}.Debug|Any CPU.ActiveCfg = Debug|Any CPU
		{ABB4BC34-7AF5-42D1-905B-9775EB8B0765}.Debug|Any CPU.Build.0 = Debug|Any CPU
		{ABB4BC34-7AF5-42D1-905B-9775EB8B0765}.Debug|x64.ActiveCfg = Debug|Any CPU
		{ABB4BC34-7AF5-42D1-905B-9775EB8B0765}.Debug|x64.Build.0 = Debug|Any CPU
		{ABB4BC34-7AF5-42D1-905B-9775EB8B0765}.Debug|x86.ActiveCfg = Debug|Any CPU
		{ABB4BC34-7AF5-42D1-905B-9775EB8B0765}.Debug|x86.Build.0 = Debug|Any CPU
		{ABB4BC34-7AF5-42D1-905B-9775EB8B0765}.Release|Any CPU.ActiveCfg = Release|Any CPU
		{ABB4BC34-7AF5-42D1-905B-9775EB8B0765}.Release|Any CPU.Build.0 = Release|Any CPU
		{ABB4BC34-7AF5-42D1-905B-9775EB8B0765}.Release|x64.ActiveCfg = Release|Any CPU
		{ABB4BC34-7AF5-42D1-905B-9775EB8B0765}.Release|x64.Build.0 = Release|Any CPU
		{ABB4BC34-7AF5-42D1-905B-9775EB8B0765}.Release|x86.ActiveCfg = Release|Any CPU
		{ABB4BC34-7AF5-42D1-905B-9775EB8B0765}.Release|x86.Build.0 = Release|Any CPU
		{CC9E944B-E5EA-4B92-A653-55778EE044FB}.Debug|Any CPU.ActiveCfg = Debug|Any CPU
		{CC9E944B-E5EA-4B92-A653-55778EE044FB}.Debug|Any CPU.Build.0 = Debug|Any CPU
		{CC9E944B-E5EA-4B92-A653-55778EE044FB}.Debug|x64.ActiveCfg = Debug|Any CPU
		{CC9E944B-E5EA-4B92-A653-55778EE044FB}.Debug|x64.Build.0 = Debug|Any CPU
		{CC9E944B-E5EA-4B92-A653-55778EE044FB}.Debug|x86.ActiveCfg = Debug|Any CPU
		{CC9E944B-E5EA-4B92-A653-55778EE044FB}.Debug|x86.Build.0 = Debug|Any CPU
		{CC9E944B-E5EA-4B92-A653-55778EE044FB}.Release|Any CPU.ActiveCfg = Release|Any CPU
		{CC9E944B-E5EA-4B92-A653-55778EE044FB}.Release|Any CPU.Build.0 = Release|Any CPU
		{CC9E944B-E5EA-4B92-A653-55778EE044FB}.Release|x64.ActiveCfg = Release|Any CPU
		{CC9E944B-E5EA-4B92-A653-55778EE044FB}.Release|x64.Build.0 = Release|Any CPU
		{CC9E944B-E5EA-4B92-A653-55778EE044FB}.Release|x86.ActiveCfg = Release|Any CPU
		{CC9E944B-E5EA-4B92-A653-55778EE044FB}.Release|x86.Build.0 = Release|Any CPU
	EndGlobalSection
EndGlobal
